# This file is automatically @generated by Cargo.
# It is not intended for manual editing.
version = 3

[[package]]
name = "api"
version = "0.1.0"
dependencies = [
 "clap",
 "linux-loader 0.4.0",
 "vmm",
]

[[package]]
name = "arch"
version = "0.1.0"
dependencies = [
 "vm-fdt",
 "vm-memory 0.7.0",
]

[[package]]
name = "atty"
version = "0.2.14"
source = "registry+https://github.com/rust-lang/crates.io-index"
checksum = "d9b39be18770d11421cdb1b9947a45dd3f37e93092cbf377614828a319d5fee8"
dependencies = [
 "hermit-abi",
 "libc",
 "winapi",
]

[[package]]
name = "autocfg"
version = "1.1.0"
source = "registry+https://github.com/rust-lang/crates.io-index"
checksum = "d468802bab17cbc0cc575e9b053f41e72aa36bfa6b7f55e3529ffa43161b97fa"

[[package]]
name = "bitflags"
version = "1.2.1"
source = "registry+https://github.com/rust-lang/crates.io-index"
checksum = "cf1de2fe8c75bc145a2f577add951f8134889b4795d47466a54a5c846d691693"

[[package]]
name = "cfg-if"
version = "0.1.10"
source = "registry+https://github.com/rust-lang/crates.io-index"
checksum = "4785bdd1c96b2a846b2bd7cc02e86b6b3dbf14e7e53446c4f54c92a361040822"

[[package]]
name = "clap"
version = "3.2.17"
source = "registry+https://github.com/rust-lang/crates.io-index"
checksum = "29e724a68d9319343bb3328c9cc2dfde263f4b3142ee1059a9980580171c954b"
dependencies = [
 "atty",
 "bitflags",
 "clap_lex",
 "indexmap",
 "strsim",
 "termcolor",
 "textwrap",
]

[[package]]
name = "clap_lex"
version = "0.2.4"
source = "registry+https://github.com/rust-lang/crates.io-index"
checksum = "2850f2f5a82cbf437dd5af4d49848fbdfc27c157c3d010345776f952765261c5"
dependencies = [
 "os_str_bytes",
]

[[package]]
name = "devices"
version = "0.1.0"
dependencies = [
 "event-manager",
 "kvm-bindings",
 "kvm-ioctls",
 "libc",
 "linux-loader 0.8.1",
 "log",
 "utils",
 "virtio-blk",
 "virtio-device",
 "virtio-queue",
 "vm-device",
 "vm-memory 0.7.0",
 "vm-superio",
 "vmm-sys-util",
]

[[package]]
name = "event-manager"
version = "0.2.1"
source = "registry+https://github.com/rust-lang/crates.io-index"
checksum = "377fa591135fbe23396a18e2655a6d5481bf7c5823cdfa3cc81b01a229cbe640"
dependencies = [
 "libc",
 "vmm-sys-util",
]

[[package]]
name = "hashbrown"
version = "0.12.3"
source = "registry+https://github.com/rust-lang/crates.io-index"
checksum = "8a9ee70c43aaf417c914396645a0fa852624801b24ebb7ae78fe8272889ac888"

[[package]]
name = "hermit-abi"
version = "0.1.17"
source = "registry+https://github.com/rust-lang/crates.io-index"
checksum = "5aca5565f760fb5b220e499d72710ed156fdb74e631659e99377d9ebfbd13ae8"
dependencies = [
 "libc",
]

[[package]]
name = "indexmap"
version = "1.9.1"
source = "registry+https://github.com/rust-lang/crates.io-index"
checksum = "10a35a97730320ffe8e2d410b5d3b69279b98d2c14bdb8b70ea89ecf7888d41e"
dependencies = [
 "autocfg",
 "hashbrown",
]

[[package]]
name = "kvm-bindings"
version = "0.5.0"
source = "registry+https://github.com/rust-lang/crates.io-index"
checksum = "a78c049190826fff959994b7c1d8a2930d0a348f1b8f3aa4f9bb34cd5d7f2952"
dependencies = [
 "vmm-sys-util",
]

[[package]]
name = "kvm-ioctls"
version = "0.11.0"
source = "registry+https://github.com/rust-lang/crates.io-index"
checksum = "97422ba48d7ffb66fd4d18130f72ab66f9bbbf791fb7a87b9291cdcfec437593"
dependencies = [
 "kvm-bindings",
 "libc",
 "vmm-sys-util",
]

[[package]]
name = "libc"
version = "0.2.91"
source = "registry+https://github.com/rust-lang/crates.io-index"
checksum = "8916b1f6ca17130ec6568feccee27c156ad12037880833a3b842a823236502e7"

[[package]]
name = "linux-loader"
version = "0.4.0"
source = "git+https://github.com/rust-vmm/linux-loader.git?rev=9a9f071#9a9f071219a8c74dcd703aec40ba0249e3a5993b"
dependencies = [
 "vm-memory 0.7.0",
]

[[package]]
name = "linux-loader"
version = "0.8.1"
source = "registry+https://github.com/rust-lang/crates.io-index"
checksum = "b9259ddbfbb52cc918f6bbc60390004ddd0228cf1d85f402009ff2b3d95de83f"
dependencies = [
 "vm-memory 0.10.0",
]

[[package]]
name = "log"
version = "0.4.6"
source = "registry+https://github.com/rust-lang/crates.io-index"
checksum = "c84ec4b527950aa83a329754b01dbe3f58361d1c5efacd1f6d68c494d08a17c6"
dependencies = [
 "cfg-if",
]

[[package]]
name = "os_str_bytes"
version = "6.3.0"
source = "registry+https://github.com/rust-lang/crates.io-index"
checksum = "9ff7415e9ae3fff1225851df9e0d9e4e5479f947619774677a63572e55e80eff"

[[package]]
name = "proc-macro2"
version = "1.0.34"
source = "registry+https://github.com/rust-lang/crates.io-index"
checksum = "2f84e92c0f7c9d58328b85a78557813e4bd845130db68d7184635344399423b1"
dependencies = [
 "unicode-xid",
]

[[package]]
name = "quote"
version = "1.0.10"
source = "registry+https://github.com/rust-lang/crates.io-index"
checksum = "38bc8cc6a5f2e3655e0899c1b848643b2562f853f114bfec7be120678e3ace05"
dependencies = [
 "proc-macro2",
]

[[package]]
name = "strsim"
version = "0.10.0"
source = "registry+https://github.com/rust-lang/crates.io-index"
checksum = "73473c0e59e6d5812c5dfe2a064a6444949f089e20eec9a2e5506596494e4623"

[[package]]
name = "syn"
version = "1.0.82"
source = "registry+https://github.com/rust-lang/crates.io-index"
checksum = "8daf5dd0bb60cbd4137b1b587d2fc0ae729bc07cf01cd70b36a1ed5ade3b9d59"
dependencies = [
 "proc-macro2",
 "quote",
 "unicode-xid",
]

[[package]]
name = "termcolor"
version = "1.1.3"
source = "registry+https://github.com/rust-lang/crates.io-index"
checksum = "bab24d30b911b2376f3a13cc2cd443142f0c81dda04c118693e35b3835757755"
dependencies = [
 "winapi-util",
]

[[package]]
name = "textwrap"
version = "0.15.0"
source = "registry+https://github.com/rust-lang/crates.io-index"
checksum = "b1141d4d61095b28419e22cb0bbf02755f5e54e0526f97f1e3d1d160e60885fb"

[[package]]
name = "thiserror"
version = "1.0.30"
source = "registry+https://github.com/rust-lang/crates.io-index"
checksum = "854babe52e4df1653706b98fcfc05843010039b406875930a70e4d9644e5c417"
dependencies = [
 "thiserror-impl",
]

[[package]]
name = "thiserror-impl"
version = "1.0.30"
source = "registry+https://github.com/rust-lang/crates.io-index"
checksum = "aa32fd3f627f367fe16f893e2597ae3c05020f8bba2666a4e6ea73d377e5714b"
dependencies = [
 "proc-macro2",
 "quote",
 "syn",
]

[[package]]
name = "unicode-xid"
version = "0.2.2"
source = "registry+https://github.com/rust-lang/crates.io-index"
checksum = "8ccb82d61f80a663efe1f787a51b16b5a51e3314d6ac365b08639f52387b33f3"

[[package]]
name = "utils"
version = "0.1.0"

[[package]]
name = "virtio-blk"
version = "0.1.0"
source = "git+https://github.com/rust-vmm/vm-virtio.git#d8ef45f57b46baa99e80e555deffd3fa1ab9affc"
dependencies = [
 "log",
 "virtio-device",
 "virtio-queue",
 "vm-memory 0.7.0",
 "vmm-sys-util",
]

[[package]]
name = "virtio-device"
version = "0.1.0"
source = "git+https://github.com/rust-vmm/vm-virtio.git#d8ef45f57b46baa99e80e555deffd3fa1ab9affc"
dependencies = [
 "log",
 "virtio-queue",
 "vm-memory 0.7.0",
]

[[package]]
name = "virtio-queue"
version = "0.2.0"
source = "git+https://github.com/rust-vmm/vm-virtio.git#d8ef45f57b46baa99e80e555deffd3fa1ab9affc"
dependencies = [
 "log",
 "vm-memory 0.7.0",
 "vmm-sys-util",
]

[[package]]
name = "vm-allocator"
version = "0.1.0"
source = "registry+https://github.com/rust-lang/crates.io-index"
checksum = "565b6886b7dd1b3bf34ec9243d90a97db4f2a83c2416caa52fcc95fd255d45e4"
dependencies = [
 "libc",
 "thiserror",
]

[[package]]
name = "vm-device"
version = "0.1.0"
source = "registry+https://github.com/rust-lang/crates.io-index"
checksum = "599adbdaddea4947ca23c085d2b8e47f3499ccda35438424526f3853748a8eb6"

[[package]]
name = "vm-fdt"
version = "0.2.0"
source = "registry+https://github.com/rust-lang/crates.io-index"
checksum = "f43fb5a6bd1a7d423ad72802801036719b7546cf847a103f8fe4575f5b0d45a6"

[[package]]
name = "vm-memory"
version = "0.7.0"
source = "registry+https://github.com/rust-lang/crates.io-index"
checksum = "339d4349c126fdcd87e034631d7274370cf19eb0e87b33166bcd956589fc72c5"
dependencies = [
 "libc",
 "winapi",
]

[[package]]
name = "vm-memory"
version = "0.10.0"
source = "registry+https://github.com/rust-lang/crates.io-index"
checksum = "688a70366615b45575a424d9c665561c1b5ab2224d494f706b6a6812911a827c"
dependencies = [
 "libc",
 "winapi",
]

[[package]]
name = "vm-superio"
version = "0.5.0"
source = "registry+https://github.com/rust-lang/crates.io-index"
checksum = "a4b5231d334edbc03b22704caa1a022e4c07491d6df736593f26094df8b04a51"

[[package]]
name = "vm-vcpu"
version = "0.1.0"
dependencies = [
 "arch",
 "kvm-bindings",
 "kvm-ioctls",
 "libc",
 "thiserror",
 "utils",
 "vm-device",
 "vm-memory 0.7.0",
 "vm-vcpu-ref",
 "vmm-sys-util",
]

[[package]]
name = "vm-vcpu-ref"
version = "0.1.0"
dependencies = [
 "kvm-bindings",
 "kvm-ioctls",
 "libc",
 "thiserror",
 "vm-memory 0.7.0",
 "vmm-sys-util",
]

[[package]]
name = "vmm"
version = "0.1.0"
dependencies = [
 "arch",
 "devices",
 "event-manager",
 "kvm-bindings",
 "kvm-ioctls",
 "libc",
 "linux-loader 0.8.1",
 "utils",
 "vm-allocator",
 "vm-device",
 "vm-memory 0.7.0",
 "vm-superio",
 "vm-vcpu",
 "vm-vcpu-ref",
 "vmm-sys-util",
]

[[package]]
name = "vmm-reference"
version = "0.1.0"
dependencies = [
 "api",
 "vmm",
]

[[package]]
name = "vmm-sys-util"
version = "0.8.0"
source = "registry+https://github.com/rust-lang/crates.io-index"
checksum = "01cf11afbc4ebc0d5c7a7748a77d19e2042677fc15faa2f4ccccb27c18a60605"
dependencies = [
 "bitflags",
 "libc",
]

[[package]]
name = "winapi"
version = "0.3.9"
source = "registry+https://github.com/rust-lang/crates.io-index"
checksum = "5c839a674fcd7a98952e593242ea400abe93992746761e38641405d28b00f419"
dependencies = [
 "winapi-i686-pc-windows-gnu",
 "winapi-x86_64-pc-windows-gnu",
]

[[package]]
name = "winapi-i686-pc-windows-gnu"
version = "0.4.0"
source = "registry+https://github.com/rust-lang/crates.io-index"
checksum = "ac3b87c63620426dd9b991e5ce0329eff545bccbbb34f3be09ff6fb6ab51b7b6"

[[package]]
name = "winapi-util"
version = "0.1.5"
source = "registry+https://github.com/rust-lang/crates.io-index"
checksum = "70ec6ce85bb158151cae5e5c87f95a8e97d2c0c4b001223f33a334e3ce5de178"
dependencies = [
 "winapi",
]

[[package]]
name = "winapi-x86_64-pc-windows-gnu"
version = "0.4.0"
source = "registry+https://github.com/rust-lang/crates.io-index"
checksum = "712e227841d057c1ee1cd2fb22fa7e5a5461ae8e48fa2ca79ec42cfc1931183f"
